
Microsoft Visual Studio Solution File, Format Version 12.00
# Visual Studio Version 17
VisualStudioVersion = 17.14.36414.22 d17.14
MinimumVisualStudioVersion = 10.0.40219.1
Project("{FAE04EC0-301F-11D3-BF4B-00C04F79EFBC}") = "PROG POE Part 1", "PROG POE Part 1\PROG POE Part 1.csproj", "{15B96627-C73B-42ED-BD43-71CFDCBA458A}"
EndProject
Global
	GlobalSection(SolutionConfigurationPlatforms) = preSolution
		Debug|Any CPU = Debug|Any CPU
		Release|Any CPU = Release|Any CPU
	EndGlobalSection
	GlobalSection(ProjectConfigurationPlatforms) = postSolution
		{15B96627-C73B-42ED-BD43-71CFDCBA458A}.Debug|Any CPU.ActiveCfg = Debug|Any CPU
		{15B96627-C73B-42ED-BD43-71CFDCBA458A}.Debug|Any CPU.Build.0 = Debug|Any CPU
		{15B96627-C73B-42ED-BD43-71CFDCBA458A}.Release|Any CPU.ActiveCfg = Release|Any CPU
		{15B96627-C73B-42ED-BD43-71CFDCBA458A}.Release|Any CPU.Build.0 = Release|Any CPU
	EndGlobalSection
	GlobalSection(SolutionProperties) = preSolution
		HideSolutionNode = FALSE
	EndGlobalSection
	GlobalSection(ExtensibilityGlobals) = postSolution
		SolutionGuid = {B8A62475-A884-4B66-9390-F7EEB0121B0F}
	EndGlobalSection
EndGlobal
